
Microsoft Visual Studio Solution File, Format Version 12.00
# Visual Studio Version 17
VisualStudioVersion = 17.10.35027.167
MinimumVisualStudioVersion = 10.0.40219.1
Project("{FAE04EC0-301F-11D3-BF4B-00C04F79EFBC}") = "Pratik-Asp.NetCoreEmpty", "Pratik-Asp.NetCoreEmpty\Pratik-Asp.NetCoreEmpty.csproj", "{90F732C1-7845-499B-9CA1-C77316D61ACD}"
EndProject
Global
	GlobalSection(SolutionConfigurationPlatforms) = preSolution
		Debug|Any CPU = Debug|Any CPU
		Release|Any CPU = Release|Any CPU
	EndGlobalSection
	GlobalSection(ProjectConfigurationPlatforms) = postSolution
		{90F732C1-7845-499B-9CA1-C77316D61ACD}.Debug|Any CPU.ActiveCfg = Debug|Any CPU
		{90F732C1-7845-499B-9CA1-C77316D61ACD}.Debug|Any CPU.Build.0 = Debug|Any CPU
		{90F732C1-7845-499B-9CA1-C77316D61ACD}.Release|Any CPU.ActiveCfg = Release|Any CPU
		{90F732C1-7845-499B-9CA1-C77316D61ACD}.Release|Any CPU.Build.0 = Release|Any CPU
	EndGlobalSection
	GlobalSection(SolutionProperties) = preSolution
		HideSolutionNode = FALSE
	EndGlobalSection
	GlobalSection(ExtensibilityGlobals) = postSolution
		SolutionGuid = {70FC6F63-2FF0-40FF-8BE9-445B94891AC6}
	EndGlobalSection
EndGlobal
